Microsoft Visual Studio Solution File, Format Version 11.00
# Visual Studio 2008

Project("{74AC2A12-EA01-6B83-EF3B-0C1A467B1521}") = "test3D", "Assembly-CSharp.csproj", "{1061CF68-C6DB-730D-DECA-584B9677ABC5}"
EndProject
Global
	GlobalSection(SolutionConfigurationPlatforms) = preSolution
		Debug|Any CPU = Debug|Any CPU
		Release|Any CPU = Release|Any CPU
	EndGlobalSection
	GlobalSection(ProjectConfigurationPlatforms) = postSolution
		{1061CF68-C6DB-730D-DECA-584B9677ABC5}.Debug|Any CPU.ActiveCfg = Debug|Any CPU
		{1061CF68-C6DB-730D-DECA-584B9677ABC5}.Debug|Any CPU.Build.0 = Debug|Any CPU
		{1061CF68-C6DB-730D-DECA-584B9677ABC5}.Release|Any CPU.ActiveCfg = Release|Any CPU
		{1061CF68-C6DB-730D-DECA-584B9677ABC5}.Release|Any CPU.Build.0 = Release|Any CPU
	EndGlobalSection
	GlobalSection(SolutionProperties) = preSolution
		HideSolutionNode = FALSE
	EndGlobalSection
	GlobalSection(MonoDevelopProperties) = preSolution
		StartupItem = Assembly-CSharp.csproj
	EndGlobalSection
EndGlobal
